<?xml version="1.0" encoding="UTF-8"?>
<Scheme
   LastUpgradeVersion = "1100"
   version = "1.3">
   <BuildAction
      parallelizeBuildables = "YES"
      buildImplicitDependencies = "YES">
      <BuildActionEntries>
         <BuildActionEntry
            buildForTesting = "YES"
            buildForRunning = "YES"
            buildForProfiling = "YES"
            buildForArchiving = "YES"
            buildForAnalyzing = "YES">
            <BuildableReference
               BuildableIdentifier = "primary"
               BlueprintIdentifier = "2FFA84C31481F41600EDDCDE"
               BuildableName = "Marbles"
               BlueprintName = "Marbles"
               ReferencedContainer = "container:Marbles.xcodeproj">
            </BuildableReference>
         </BuildActionEntry>
         <BuildActionEntry
            buildForTesting = "YES"
            buildForRunning = "YES"
            buildForProfiling = "YES"
            buildForArchiving = "YES"
            buildForAnalyzing = "YES">
            <BuildableReference
               BuildableIdentifier = "primary"
               BlueprintIdentifier = "2F42A430162FAE6E001496B1"
               BuildableName = "MarblesMobile.app"
               BlueprintName = "MarblesMobile"
               ReferencedContainer = "container:Marbles.xcodeproj">
            </BuildableReference>
         </BuildActionEntry>
         <BuildActionEntry
            buildForTesting = "YES"
            buildForRunning = "YES"
            buildForProfiling = "YES"
            buildForArchiving = "YES"
            buildForAnalyzing = "YES">
            <BuildableReference
               BuildableIdentifier = "primary"
               BlueprintIdentifier = "2F6EDCC02318D72500CABEEC"
               BuildableName = "MarblesMobileTests.xctest"
               BlueprintName = "MarblesMobileTests"
               ReferencedContainer = "container:Marbles.xcodeproj">
            </BuildableReference>
         </BuildActionEntry>
         <BuildActionEntry
            buildForTesting = "YES"
            buildForRunning = "YES"
            buildForProfiling = "YES"
            buildForArchiving = "YES"
            buildForAnalyzing = "YES">
            <BuildableReference
               BuildableIdentifier = "primary"
               BlueprintIdentifier = "2FE228EA15BF14CC000D7683"
               BuildableName = "MarblesPerf"
               BlueprintName = "MarblesPerf"
               ReferencedContainer = "container:Marbles.xcodeproj">
            </BuildableReference>
         </BuildActionEntry>
         <BuildActionEntry
            buildForTesting = "YES"
            buildForRunning = "YES"
            buildForProfiling = "YES"
            buildForArchiving = "YES"
            buildForAnalyzing = "YES">
            <BuildableReference
               BuildableIdentifier = "primary"
               BlueprintIdentifier = "2F0E069A16BCCC83001E8818"
               BuildableName = "MarblesReplay"
               BlueprintName = "MarblesReplay"
               ReferencedContainer = "container:Marbles.xcodeproj">
            </BuildableReference>
         </BuildActionEntry>
         <BuildActionEntry
            buildForTesting = "YES"
            buildForRunning = "YES"
            buildForProfiling = "YES"
            buildForArchiving = "YES"
            buildForAnalyzing = "YES">
            <BuildableReference
               BuildableIdentifier = "primary"
               BlueprintIdentifier = "2FD7B2E91503001600D47715"
               BuildableName = "TGMarbles.framework"
               BlueprintName = "TGMarbles"
               ReferencedContainer = "container:Marbles.xcodeproj">
            </BuildableReference>
         </BuildActionEntry>
         <BuildActionEntry
            buildForTesting = "YES"
            buildForRunning = "YES"
            buildForProfiling = "YES"
            buildForArchiving = "YES"
            buildForAnalyzing = "YES">
            <BuildableReference
               BuildableIdentifier = "primary"
               BlueprintIdentifier = "2FA44A8F22DEE7FA0060A9A1"
               BuildableName = "TGMarblesTests.xctest"
               BlueprintName = "TGMarblesTests"
               ReferencedContainer = "container:Marbles.xcodeproj">
            </BuildableReference>
         </BuildActionEntry>
      </BuildActionEntries>
   </BuildAction>
   <TestAction
      buildConfiguration = "Cover"
      selectedDebuggerIdentifier = "Xcode.DebuggerFoundation.Debugger.LLDB"
      selectedLauncherIdentifier = "Xcode.DebuggerFoundation.Launcher.LLDB"
      shouldUseLaunchSchemeArgsEnv = "YES">
      <MacroExpansion>
         <BuildableReference
            BuildableIdentifier = "primary"
            BlueprintIdentifier = "2FFA84C31481F41600EDDCDE"
            BuildableName = "Marbles"
            BlueprintName = "Marbles"
            ReferencedContainer = "container:Marbles.xcodeproj">
         </BuildableReference>
      </MacroExpansion>
      <Testables>
         <TestableReference
            skipped = "NO">
            <BuildableReference
               BuildableIdentifier = "primary"
               BlueprintIdentifier = "2F6EDCC02318D72500CABEEC"
               BuildableName = "MarblesMobileTests.xctest"
               BlueprintName = "MarblesMobileTests"
               ReferencedContainer = "container:Marbles.xcodeproj">
            </BuildableReference>
         </TestableReference>
         <TestableReference
            skipped = "NO">
            <BuildableReference
               BuildableIdentifier = "primary"
               BlueprintIdentifier = "2FA44A8F22DEE7FA0060A9A1"
               BuildableName = "TGMarblesTests.xctest"
               BlueprintName = "TGMarblesTests"
               ReferencedContainer = "container:Marbles.xcodeproj">
            </BuildableReference>
         </TestableReference>
      </Testables>
   </TestAction>
   <LaunchAction
      buildConfiguration = "Cover"
      selectedDebuggerIdentifier = "Xcode.DebuggerFoundation.Debugger.LLDB"
      selectedLauncherIdentifier = "Xcode.DebuggerFoundation.Launcher.LLDB"
      launchStyle = "0"
      useCustomWorkingDirectory = "NO"
      ignoresPersistentStateOnLaunch = "NO"
      debugDocumentVersioning = "YES"
      debugServiceExtension = "internal"
      allowLocationSimulation = "YES">
      <MacroExpansion>
         <BuildableReference
            BuildableIdentifier = "primary"
            BlueprintIdentifier = "2FFA84C31481F41600EDDCDE"
            BuildableName = "Marbles"
            BlueprintName = "Marbles"
            ReferencedContainer = "container:Marbles.xcodeproj">
         </BuildableReference>
      </MacroExpansion>
   </LaunchAction>
   <ProfileAction
      buildConfiguration = "Cover"
      shouldUseLaunchSchemeArgsEnv = "YES"
      savedToolIdentifier = ""
      useCustomWorkingDirectory = "NO"
      debugDocumentVersioning = "YES">
      <MacroExpansion>
         <BuildableReference
            BuildableIdentifier = "primary"
            BlueprintIdentifier = "2FFA84C31481F41600EDDCDE"
            BuildableName = "Marbles"
            BlueprintName = "Marbles"
            ReferencedContainer = "container:Marbles.xcodeproj">
         </BuildableReference>
      </MacroExpansion>
   </ProfileAction>
   <AnalyzeAction
      buildConfiguration = "Cover">
   </AnalyzeAction>
   <ArchiveAction
      buildConfiguration = "Cover"
      revealArchiveInOrganizer = "YES">
   </ArchiveAction>
</Scheme>
